
Microsoft Visual Studio Solution File, Format Version 12.00
# Visual Studio Version 17
VisualStudioVersion = 17.8.34511.84
MinimumVisualStudioVersion = 10.0.40219.1
Project("{FAE04EC0-301F-11D3-BF4B-00C04F79EFBC}") = "Parallel-LINQ-Task-Solution", "Parallel-LINQ-Task-Solution.csproj", "{8D5BE29E-F5E5-4149-AFFF-0D49E8D37005}"
EndProject
Global
	GlobalSection(SolutionConfigurationPlatforms) = preSolution
		Debug|Any CPU = Debug|Any CPU
		Release|Any CPU = Release|Any CPU
	EndGlobalSection
	GlobalSection(ProjectConfigurationPlatforms) = postSolution
		{8D5BE29E-F5E5-4149-AFFF-0D49E8D37005}.Debug|Any CPU.ActiveCfg = Debug|Any CPU
		{8D5BE29E-F5E5-4149-AFFF-0D49E8D37005}.Debug|Any CPU.Build.0 = Debug|Any CPU
		{8D5BE29E-F5E5-4149-AFFF-0D49E8D37005}.Release|Any CPU.ActiveCfg = Release|Any CPU
		{8D5BE29E-F5E5-4149-AFFF-0D49E8D37005}.Release|Any CPU.Build.0 = Release|Any CPU
	EndGlobalSection
	GlobalSection(SolutionProperties) = preSolution
		HideSolutionNode = FALSE
	EndGlobalSection
	GlobalSection(ExtensibilityGlobals) = postSolution
		SolutionGuid = {10D37866-8C9B-41CC-9D65-6F2E179F5754}
	EndGlobalSection
EndGlobal
