
Microsoft Visual Studio Solution File, Format Version 12.00
# Visual Studio Version 17
VisualStudioVersion = 17.8.34525.116
MinimumVisualStudioVersion = 10.0.40219.1
Project("{FAE04EC0-301F-11D3-BF4B-00C04F79EFBC}") = "Task-Parallelism-Task-Solution", "Task-Parallelism-Task-Solution.csproj", "{D046DA06-A34B-4650-85E8-08F04E613444}"
EndProject
Global
	GlobalSection(SolutionConfigurationPlatforms) = preSolution
		Debug|Any CPU = Debug|Any CPU
		Release|Any CPU = Release|Any CPU
	EndGlobalSection
	GlobalSection(ProjectConfigurationPlatforms) = postSolution
		{D046DA06-A34B-4650-85E8-08F04E613444}.Debug|Any CPU.ActiveCfg = Debug|Any CPU
		{D046DA06-A34B-4650-85E8-08F04E613444}.Debug|Any CPU.Build.0 = Debug|Any CPU
		{D046DA06-A34B-4650-85E8-08F04E613444}.Release|Any CPU.ActiveCfg = Release|Any CPU
		{D046DA06-A34B-4650-85E8-08F04E613444}.Release|Any CPU.Build.0 = Release|Any CPU
	EndGlobalSection
	GlobalSection(SolutionProperties) = preSolution
		HideSolutionNode = FALSE
	EndGlobalSection
	GlobalSection(ExtensibilityGlobals) = postSolution
		SolutionGuid = {DED6FE85-103E-4E52-AF33-5E9AAD1044B0}
	EndGlobalSection
EndGlobal
